
Microsoft Visual Studio Solution File, Format Version 12.00
# Visual Studio 15
VisualStudioVersion = 15.0.28307.421
MinimumVisualStudioVersion = 10.0.40219.1
Project("{FAE04EC0-301F-11D3-BF4B-00C04F79EFBC}") = "Empire", "Empire\Empire.csproj", "{782BAAE5-8060-4C65-9341-4C242A82C421}"
EndProject
Global
	GlobalSection(SolutionConfigurationPlatforms) = preSolution
		Debug|Any CPU = Debug|Any CPU
		Release|Any CPU = Release|Any CPU
	EndGlobalSection
	GlobalSection(ProjectConfigurationPlatforms) = postSolution
		{782BAAE5-8060-4C65-9341-4C242A82C421}.Debug|Any CPU.ActiveCfg = Debug|Any CPU
		{782BAAE5-8060-4C65-9341-4C242A82C421}.Debug|Any CPU.Build.0 = Debug|Any CPU
		{782BAAE5-8060-4C65-9341-4C242A82C421}.Release|Any CPU.ActiveCfg = Release|Any CPU
		{782BAAE5-8060-4C65-9341-4C242A82C421}.Release|Any CPU.Build.0 = Release|Any CPU
	EndGlobalSection
	GlobalSection(SolutionProperties) = preSolution
		HideSolutionNode = FALSE
	EndGlobalSection
	GlobalSection(ExtensibilityGlobals) = postSolution
		SolutionGuid = {A77FB7A6-067B-4D0A-9205-D7D3B883570B}
	EndGlobalSection
EndGlobal
